
Microsoft Visual Studio Solution File, Format Version 12.00
# Visual Studio Version 17
VisualStudioVersion = 17.2.32630.192
MinimumVisualStudioVersion = 10.0.40219.1
Project("{FAE04EC0-301F-11D3-BF4B-00C04F79EFBC}") = "TSL tech test", "TSL tech test\TSL tech test.csproj", "{6956B3DF-78DD-4140-923C-1A0C64B46AE6}"
EndProject
Project("{FAE04EC0-301F-11D3-BF4B-00C04F79EFBC}") = "Ws.Server", "Ws.Server\Ws.Server.csproj", "{D9EE0A6D-245E-4E31-95B5-43DA0FE4F23C}"
EndProject
Global
	GlobalSection(SolutionConfigurationPlatforms) = preSolution
		Debug|Any CPU = Debug|Any CPU
		Release|Any CPU = Release|Any CPU
	EndGlobalSection
	GlobalSection(ProjectConfigurationPlatforms) = postSolution
		{6956B3DF-78DD-4140-923C-1A0C64B46AE6}.Debug|Any CPU.ActiveCfg = Debug|Any CPU
		{6956B3DF-78DD-4140-923C-1A0C64B46AE6}.Debug|Any CPU.Build.0 = Debug|Any CPU
		{6956B3DF-78DD-4140-923C-1A0C64B46AE6}.Release|Any CPU.ActiveCfg = Release|Any CPU
		{6956B3DF-78DD-4140-923C-1A0C64B46AE6}.Release|Any CPU.Build.0 = Release|Any CPU
		{D9EE0A6D-245E-4E31-95B5-43DA0FE4F23C}.Debug|Any CPU.ActiveCfg = Debug|Any CPU
		{D9EE0A6D-245E-4E31-95B5-43DA0FE4F23C}.Debug|Any CPU.Build.0 = Debug|Any CPU
		{D9EE0A6D-245E-4E31-95B5-43DA0FE4F23C}.Release|Any CPU.ActiveCfg = Release|Any CPU
		{D9EE0A6D-245E-4E31-95B5-43DA0FE4F23C}.Release|Any CPU.Build.0 = Release|Any CPU
	EndGlobalSection
	GlobalSection(SolutionProperties) = preSolution
		HideSolutionNode = FALSE
	EndGlobalSection
	GlobalSection(ExtensibilityGlobals) = postSolution
		SolutionGuid = {7C44E02E-8C66-4C40-A8BC-7488CED3DB24}
	EndGlobalSection
EndGlobal
